
Microsoft Visual Studio Solution File, Format Version 12.00
# Visual Studio Version 16
VisualStudioVersion = 16.0.31105.61
MinimumVisualStudioVersion = 10.0.40219.1
Project("{FAE04EC0-301F-11D3-BF4B-00C04F79EFBC}") = "GraphOrientations", "GraphOrientations\GraphOrientations.csproj", "{809FBF12-D1F8-4A0E-85F7-5A48F27A0AE9}"
EndProject
Global
	GlobalSection(SolutionConfigurationPlatforms) = preSolution
		Debug|Any CPU = Debug|Any CPU
		Release|Any CPU = Release|Any CPU
	EndGlobalSection
	GlobalSection(ProjectConfigurationPlatforms) = postSolution
		{809FBF12-D1F8-4A0E-85F7-5A48F27A0AE9}.Debug|Any CPU.ActiveCfg = Debug|Any CPU
		{809FBF12-D1F8-4A0E-85F7-5A48F27A0AE9}.Debug|Any CPU.Build.0 = Debug|Any CPU
		{809FBF12-D1F8-4A0E-85F7-5A48F27A0AE9}.Release|Any CPU.ActiveCfg = Release|Any CPU
		{809FBF12-D1F8-4A0E-85F7-5A48F27A0AE9}.Release|Any CPU.Build.0 = Release|Any CPU
	EndGlobalSection
	GlobalSection(SolutionProperties) = preSolution
		HideSolutionNode = FALSE
	EndGlobalSection
	GlobalSection(ExtensibilityGlobals) = postSolution
		SolutionGuid = {76DF91C6-3488-40F1-A60A-C41C96568EBA}
	EndGlobalSection
EndGlobal
