
Microsoft Visual Studio Solution File, Format Version 12.00
# Visual Studio Version 17
VisualStudioVersion = 17.7.34221.43
MinimumVisualStudioVersion = 10.0.40219.1
Project("{9A19103F-16F7-4668-BE54-9A1E7A4F7556}") = "GraphOrientations", "GraphOrientations\GraphOrientations.csproj", "{809FBF12-D1F8-4A0E-85F7-5A48F27A0AE9}"
EndProject
Project("{9A19103F-16F7-4668-BE54-9A1E7A4F7556}") = "GraphBase", "GraphBase\GraphBase.csproj", "{84C3E213-681D-4537-9018-0C20A83C9803}"
EndProject
Project("{9A19103F-16F7-4668-BE54-9A1E7A4F7556}") = "GraphBaseTests", "GraphBaseTests\GraphBaseTests.csproj", "{32E672EF-64C2-4CCA-B9C5-CF87EB7E15FE}"
EndProject
Project("{9A19103F-16F7-4668-BE54-9A1E7A4F7556}") = "Точка входа", "Точка входа\Точка входа.csproj", "{FBF97C42-3FAB-4F38-8C97-6AADFD0B3449}"
EndProject
Project("{FAE04EC0-301F-11D3-BF4B-00C04F79EFBC}") = "Точка входа - Оконное приложение  WPF", "Точка входа - Оконное приложение  WPF\Точка входа - Оконное приложение  WPF.csproj", "{EE83EA71-942F-4FDC-BD10-8ACF266F04DF}"
EndProject
Project("{FAE04EC0-301F-11D3-BF4B-00C04F79EFBC}") = "Custom Controls WPF", "Custom Controls WPF\Custom Controls WPF.csproj", "{CECDF44D-9DEB-4A2C-837C-234A867D03A2}"
EndProject
Project("{FAE04EC0-301F-11D3-BF4B-00C04F79EFBC}") = "GraphBaseNet", "GraphBaseNet\GraphBaseNet.csproj", "{584DDE93-81F7-4AA1-B512-67AA3F70F9E7}"
EndProject
Project("{FAE04EC0-301F-11D3-BF4B-00C04F79EFBC}") = "GraphBaseNetStandart", "GraphBaseNetStandart\GraphBaseNetStandart.csproj", "{0A87E758-CEE4-46A3-892C-2FC7E81B4897}"
EndProject
Project("{FAE04EC0-301F-11D3-BF4B-00C04F79EFBC}") = "Windows WPF", "Windows WPF\Windows WPF.csproj", "{318BA0C4-4D3C-45DC-B2BE-2EE68C8C9CEB}"
EndProject
Global
	GlobalSection(SolutionConfigurationPlatforms) = preSolution
		Debug|Any CPU = Debug|Any CPU
		Release|Any CPU = Release|Any CPU
	EndGlobalSection
	GlobalSection(ProjectConfigurationPlatforms) = postSolution
		{809FBF12-D1F8-4A0E-85F7-5A48F27A0AE9}.Debug|Any CPU.ActiveCfg = Debug|Any CPU
		{809FBF12-D1F8-4A0E-85F7-5A48F27A0AE9}.Debug|Any CPU.Build.0 = Debug|Any CPU
		{809FBF12-D1F8-4A0E-85F7-5A48F27A0AE9}.Release|Any CPU.ActiveCfg = Release|Any CPU
		{809FBF12-D1F8-4A0E-85F7-5A48F27A0AE9}.Release|Any CPU.Build.0 = Release|Any CPU
		{84C3E213-681D-4537-9018-0C20A83C9803}.Debug|Any CPU.ActiveCfg = Debug|Any CPU
		{84C3E213-681D-4537-9018-0C20A83C9803}.Debug|Any CPU.Build.0 = Debug|Any CPU
		{84C3E213-681D-4537-9018-0C20A83C9803}.Release|Any CPU.ActiveCfg = Release|Any CPU
		{84C3E213-681D-4537-9018-0C20A83C9803}.Release|Any CPU.Build.0 = Release|Any CPU
		{32E672EF-64C2-4CCA-B9C5-CF87EB7E15FE}.Debug|Any CPU.ActiveCfg = Debug|Any CPU
		{32E672EF-64C2-4CCA-B9C5-CF87EB7E15FE}.Debug|Any CPU.Build.0 = Debug|Any CPU
		{32E672EF-64C2-4CCA-B9C5-CF87EB7E15FE}.Release|Any CPU.ActiveCfg = Release|Any CPU
		{32E672EF-64C2-4CCA-B9C5-CF87EB7E15FE}.Release|Any CPU.Build.0 = Release|Any CPU
		{FBF97C42-3FAB-4F38-8C97-6AADFD0B3449}.Debug|Any CPU.ActiveCfg = Debug|Any CPU
		{FBF97C42-3FAB-4F38-8C97-6AADFD0B3449}.Debug|Any CPU.Build.0 = Debug|Any CPU
		{FBF97C42-3FAB-4F38-8C97-6AADFD0B3449}.Release|Any CPU.ActiveCfg = Release|Any CPU
		{FBF97C42-3FAB-4F38-8C97-6AADFD0B3449}.Release|Any CPU.Build.0 = Release|Any CPU
		{EE83EA71-942F-4FDC-BD10-8ACF266F04DF}.Debug|Any CPU.ActiveCfg = Debug|Any CPU
		{EE83EA71-942F-4FDC-BD10-8ACF266F04DF}.Debug|Any CPU.Build.0 = Debug|Any CPU
		{EE83EA71-942F-4FDC-BD10-8ACF266F04DF}.Release|Any CPU.ActiveCfg = Release|Any CPU
		{EE83EA71-942F-4FDC-BD10-8ACF266F04DF}.Release|Any CPU.Build.0 = Release|Any CPU
		{CECDF44D-9DEB-4A2C-837C-234A867D03A2}.Debug|Any CPU.ActiveCfg = Debug|Any CPU
		{CECDF44D-9DEB-4A2C-837C-234A867D03A2}.Debug|Any CPU.Build.0 = Debug|Any CPU
		{CECDF44D-9DEB-4A2C-837C-234A867D03A2}.Release|Any CPU.ActiveCfg = Release|Any CPU
		{CECDF44D-9DEB-4A2C-837C-234A867D03A2}.Release|Any CPU.Build.0 = Release|Any CPU
		{584DDE93-81F7-4AA1-B512-67AA3F70F9E7}.Debug|Any CPU.ActiveCfg = Debug|Any CPU
		{584DDE93-81F7-4AA1-B512-67AA3F70F9E7}.Debug|Any CPU.Build.0 = Debug|Any CPU
		{584DDE93-81F7-4AA1-B512-67AA3F70F9E7}.Release|Any CPU.ActiveCfg = Release|Any CPU
		{584DDE93-81F7-4AA1-B512-67AA3F70F9E7}.Release|Any CPU.Build.0 = Release|Any CPU
		{0A87E758-CEE4-46A3-892C-2FC7E81B4897}.Debug|Any CPU.ActiveCfg = Debug|Any CPU
		{0A87E758-CEE4-46A3-892C-2FC7E81B4897}.Debug|Any CPU.Build.0 = Debug|Any CPU
		{0A87E758-CEE4-46A3-892C-2FC7E81B4897}.Release|Any CPU.ActiveCfg = Release|Any CPU
		{0A87E758-CEE4-46A3-892C-2FC7E81B4897}.Release|Any CPU.Build.0 = Release|Any CPU
		{318BA0C4-4D3C-45DC-B2BE-2EE68C8C9CEB}.Debug|Any CPU.ActiveCfg = Debug|Any CPU
		{318BA0C4-4D3C-45DC-B2BE-2EE68C8C9CEB}.Debug|Any CPU.Build.0 = Debug|Any CPU
		{318BA0C4-4D3C-45DC-B2BE-2EE68C8C9CEB}.Release|Any CPU.ActiveCfg = Release|Any CPU
		{318BA0C4-4D3C-45DC-B2BE-2EE68C8C9CEB}.Release|Any CPU.Build.0 = Release|Any CPU
	EndGlobalSection
	GlobalSection(SolutionProperties) = preSolution
		HideSolutionNode = FALSE
	EndGlobalSection
	GlobalSection(ExtensibilityGlobals) = postSolution
		SolutionGuid = {76DF91C6-3488-40F1-A60A-C41C96568EBA}
	EndGlobalSection
EndGlobal
